<Solution>
  <Folder Name="/tests/">
    <Project Path="tests/MauiSkiaUi.Tests/MauiSkiaUi.Tests.csproj" />
    <Project Path="tests/MauiSkiaUi.DeviceTests/MauiSkiaUi.DeviceTests.csproj" />
  </Folder>
  <Folder Name="/benchmarks/">
    <Project Path="benchmarks/MauiSkiaUi.Benchmarks/MauiSkiaUi.Benchmarks.csproj" />
    <Project Path="benchmarks/MauiSkiaUiBench/MauiSkiaUiBench.csproj" />
  </Folder>
  <Project Path="MauiSkiaUi/MauiSkiaUi.csproj" />
  <Project Path="MauiSkiaUiDemo/MauiSkiaUiDemo.csproj" />
</Solution>
